
Microsoft Visual Studio Solution File, Format Version 12.00
# Visual Studio 2013
VisualStudioVersion = 12.0.21005.1
MinimumVisualStudioVersion = 10.0.40219.1
Project("{8BC9CEB8-8B4A-11D0-8D11-00A0C91BC942}") = "1.work", "1.work\1.work.vcxproj", "{94E106C3-12AA-41E2-998D-5DE7DD4F31A9}"
EndProject
Global
	GlobalSection(SolutionConfigurationPlatforms) = preSolution
		Debug|Win32 = Debug|Win32
		Release|Win32 = Release|Win32
	EndGlobalSection
	GlobalSection(ProjectConfigurationPlatforms) = postSolution
		{94E106C3-12AA-41E2-998D-5DE7DD4F31A9}.Debug|Win32.ActiveCfg = Debug|Win32
		{94E106C3-12AA-41E2-998D-5DE7DD4F31A9}.Debug|Win32.Build.0 = Debug|Win32
		{94E106C3-12AA-41E2-998D-5DE7DD4F31A9}.Release|Win32.ActiveCfg = Release|Win32
		{94E106C3-12AA-41E2-998D-5DE7DD4F31A9}.Release|Win32.Build.0 = Release|Win32
	EndGlobalSection
	GlobalSection(SolutionProperties) = preSolution
		HideSolutionNode = FALSE
	EndGlobalSection
EndGlobal
